// !$*UTF8*$!
{
	archiveVersion = 1;
	classes = {
	};
	objectVersion = 51;
	objects = {

/* Begin PBXBuildFile section */
		524825580B4F715529AF705C /* Pods_Swift5IntroApp1.framework in Frameworks */ = {isa = PBXBuildFile; fileRef = 1D129FACD2A70F511C8FB523 /* Pods_Swift5IntroApp1.framework */; };
		E73894AD242ACC3300966ABF /* AppDelegate.swift in Sources */ = {isa = PBXBuildFile; fileRef = E73894AC242ACC3300966ABF /* AppDelegate.swift */; };
		E73894AF242ACC3300966ABF /* SceneDelegate.swift in Sources */ = {isa = PBXBuildFile; fileRef = E73894AE242ACC3300966ABF /* SceneDelegate.swift */; };
		E73894B4242ACC3300966ABF /* Main.storyboard in Resources */ = {isa = PBXBuildFile; fileRef = E73894B2242ACC3300966ABF /* Main.storyboard */; };
		E73894B6242ACC3400966ABF /* Assets.xcassets in Resources */ = {isa = PBXBuildFile; fileRef = E73894B5242ACC3400966ABF /* Assets.xcassets */; };
		E73894B9242ACC3400966ABF /* LaunchScreen.storyboard in Resources */ = {isa = PBXBuildFile; fileRef = E73894B7242ACC3400966ABF /* LaunchScreen.storyboard */; };
		E73894C8242ACE3500966ABF /* 1.json in Resources */ = {isa = PBXBuildFile; fileRef = E73894C3242ACE3400966ABF /* 1.json */; };
		E73894C9242ACE3500966ABF /* 2.json in Resources */ = {isa = PBXBuildFile; fileRef = E73894C4242ACE3400966ABF /* 2.json */; };
		E73894CA242ACE3500966ABF /* 3.json in Resources */ = {isa = PBXBuildFile; fileRef = E73894C5242ACE3400966ABF /* 3.json */; };
		E73894CB242ACE3500966ABF /* 5.json in Resources */ = {isa = PBXBuildFile; fileRef = E73894C6242ACE3500966ABF /* 5.json */; };
		E73894CC242ACE3500966ABF /* 4.json in Resources */ = {isa = PBXBuildFile; fileRef = E73894C7242ACE3500966ABF /* 4.json */; };
		E73894CE242ACEE800966ABF /* IntroViewController.swift in Sources */ = {isa = PBXBuildFile; fileRef = E73894CD242ACEE800966ABF /* IntroViewController.swift */; };
		E7B09293242B293900142EC8 /* LoginMovieViewController.swift in Sources */ = {isa = PBXBuildFile; fileRef = E7B09292242B293900142EC8 /* LoginMovieViewController.swift */; };
		E7B09295242B567A00142EC8 /* start.mov in Resources */ = {isa = PBXBuildFile; fileRef = E7B09294242B567A00142EC8 /* start.mov */; };
		E7B09297242B587400142EC8 /* BaseViewController.swift in Sources */ = {isa = PBXBuildFile; fileRef = E7B09296242B587400142EC8 /* BaseViewController.swift */; };
/* End PBXBuildFile section */

/* Begin PBXFileReference section */
		1D129FACD2A70F511C8FB523 /* Pods_Swift5IntroApp1.framework */ = {isa = PBXFileReference; explicitFileType = wrapper.framework; includeInIndex = 0; path = Pods_Swift5IntroApp1.framework; sourceTree = BUILT_PRODUCTS_DIR; };
		2FD03A78F6EE83CC7FB31201 /* Pods-Swift5IntroApp1.debug.xcconfig */ = {isa = PBXFileReference; includeInIndex = 1; lastKnownFileType = text.xcconfig; name = "Pods-Swift5IntroApp1.debug.xcconfig"; path = "Target Support Files/Pods-Swift5IntroApp1/Pods-Swift5IntroApp1.debug.xcconfig"; sourceTree = "<group>"; };
		567743C65682FDA7B40C1960 /* Pods-Swift5IntroApp1.release.xcconfig */ = {isa = PBXFileReference; includeInIndex = 1; lastKnownFileType = text.xcconfig; name = "Pods-Swift5IntroApp1.release.xcconfig"; path = "Target Support Files/Pods-Swift5IntroApp1/Pods-Swift5IntroApp1.release.xcconfig"; sourceTree = "<group>"; };
		E73894A9242ACC3300966ABF /* Swift5IntroApp1.app */ = {isa = PBXFileReference; explicitFileType = wrapper.application; includeInIndex = 0; path = Swift5IntroApp1.app; sourceTree = BUILT_PRODUCTS_DIR; };
		E73894AC242ACC3300966ABF /* AppDelegate.swift */ = {isa = PBXFileReference; lastKnownFileType = sourcecode.swift; path = AppDelegate.swift; sourceTree = "<group>"; };
		E73894AE242ACC3300966ABF /* SceneDelegate.swift */ = {isa = PBXFileReference; lastKnownFileType = sourcecode.swift; path = SceneDelegate.swift; sourceTree = "<group>"; };
		E73894B3242ACC3300966ABF /* Base */ = {isa = PBXFileReference; lastKnownFileType = file.storyboard; name = Base; path = Base.lproj/Main.storyboard; sourceTree = "<group>"; };
		E73894B5242ACC3400966ABF /* Assets.xcassets */ = {isa = PBXFileReference; lastKnownFileType = folder.assetcatalog; path = Assets.xcassets; sourceTree = "<group>"; };
		E73894B8242ACC3400966ABF /* Base */ = {isa = PBXFileReference; lastKnownFileType = file.storyboard; name = Base; path = Base.lproj/LaunchScreen.storyboard; sourceTree = "<group>"; };
		E73894BA242ACC3400966ABF /* Info.plist */ = {isa = PBXFileReference; lastKnownFileType = text.plist.xml; path = Info.plist; sourceTree = "<group>"; };
		E73894C3242ACE3400966ABF /* 1.json */ = {isa = PBXFileReference; fileEncoding = 4; lastKnownFileType = text.json; path = 1.json; sourceTree = "<group>"; };
		E73894C4242ACE3400966ABF /* 2.json */ = {isa = PBXFileReference; fileEncoding = 4; lastKnownFileType = text.json; path = 2.json; sourceTree = "<group>"; };
		E73894C5242ACE3400966ABF /* 3.json */ = {isa = PBXFileReference; fileEncoding = 4; lastKnownFileType = text.json; path = 3.json; sourceTree = "<group>"; };
		E73894C6242ACE3500966ABF /* 5.json */ = {isa = PBXFileReference; fileEncoding = 4; lastKnownFileType = text.json; path = 5.json; sourceTree = "<group>"; };
		E73894C7242ACE3500966ABF /* 4.json */ = {isa = PBXFileReference; fileEncoding = 4; lastKnownFileType = text.json; path = 4.json; sourceTree = "<group>"; };
		E73894CD242ACEE800966ABF /* IntroViewController.swift */ = {isa = PBXFileReference; lastKnownFileType = sourcecode.swift; path = IntroViewController.swift; sourceTree = "<group>"; };
		E7B09292242B293900142EC8 /* LoginMovieViewController.swift */ = {isa = PBXFileReference; lastKnownFileType = sourcecode.swift; path = LoginMovieViewController.swift; sourceTree = "<group>"; };
		E7B09294242B567A00142EC8 /* start.mov */ = {isa = PBXFileReference; lastKnownFileType = video.quicktime; path = start.mov; sourceTree = "<group>"; };
		E7B09296242B587400142EC8 /* BaseViewController.swift */ = {isa = PBXFileReference; lastKnownFileType = sourcecode.swift; path = BaseViewController.swift; sourceTree = "<group>"; };
/* End PBXFileReference section */

/* Begin PBXFrameworksBuildPhase section */
		E73894A6242ACC3300966ABF /* Frameworks */ = {
			isa = PBXFrameworksBuildPhase;
			buildActionMask = 2147483647;
			files = (
				524825580B4F715529AF705C /* Pods_Swift5IntroApp1.framework in Frameworks */,
			);
			runOnlyForDeploymentPostprocessing = 0;
		};
/* End PBXFrameworksBuildPhase section */

/* Begin PBXGroup section */
		3E2460875E1C06908FC075AC /* Frameworks */ = {
			isa = PBXGroup;
			children = (
				1D129FACD2A70F511C8FB523 /* Pods_Swift5IntroApp1.framework */,
			);
			name = Frameworks;
			sourceTree = "<group>";
		};
		9B7E0E8A3D3DD6581B6C818B /* Pods */ = {
			isa = PBXGroup;
			children = (
				2FD03A78F6EE83CC7FB31201 /* Pods-Swift5IntroApp1.debug.xcconfig */,
				567743C65682FDA7B40C1960 /* Pods-Swift5IntroApp1.release.xcconfig */,
			);
			path = Pods;
			sourceTree = "<group>";
		};
		E73894A0242ACC3300966ABF = {
			isa = PBXGroup;
			children = (
				E73894AB242ACC3300966ABF /* Swift5IntroApp1 */,
				E73894AA242ACC3300966ABF /* Products */,
				9B7E0E8A3D3DD6581B6C818B /* Pods */,
				3E2460875E1C06908FC075AC /* Frameworks */,
			);
			sourceTree = "<group>";
		};
		E73894AA242ACC3300966ABF /* Products */ = {
			isa = PBXGroup;
			children = (
				E73894A9242ACC3300966ABF /* Swift5IntroApp1.app */,
			);
			name = Products;
			sourceTree = "<group>";
		};
		E73894AB242ACC3300966ABF /* Swift5IntroApp1 */ = {
			isa = PBXGroup;
			children = (
				E73894C0242ACD6F00966ABF /* Model */,
				E73894C1242ACD7900966ABF /* View */,
				E73894C2242ACD8100966ABF /* Controller */,
				E73894BA242ACC3400966ABF /* Info.plist */,
				E73894C3242ACE3400966ABF /* 1.json */,
				E73894C4242ACE3400966ABF /* 2.json */,
				E73894C5242ACE3400966ABF /* 3.json */,
				E73894C7242ACE3500966ABF /* 4.json */,
				E73894C6242ACE3500966ABF /* 5.json */,
				E7B09294242B567A00142EC8 /* start.mov */,
			);
			path = Swift5IntroApp1;
			sourceTree = "<group>";
		};
		E73894C0242ACD6F00966ABF /* Model */ = {
			isa = PBXGroup;
			children = (
			);
			path = Model;
			sourceTree = "<group>";
		};
		E73894C1242ACD7900966ABF /* View */ = {
			isa = PBXGroup;
			children = (
				E73894B2242ACC3300966ABF /* Main.storyboard */,
				E73894B5242ACC3400966ABF /* Assets.xcassets */,
				E73894B7242ACC3400966ABF /* LaunchScreen.storyboard */,
			);
			path = View;
			sourceTree = "<group>";
		};
		E73894C2242ACD8100966ABF /* Controller */ = {
			isa = PBXGroup;
			children = (
				E73894AC242ACC3300966ABF /* AppDelegate.swift */,
				E73894AE242ACC3300966ABF /* SceneDelegate.swift */,
				E73894CD242ACEE800966ABF /* IntroViewController.swift */,
				E7B09292242B293900142EC8 /* LoginMovieViewController.swift */,
				E7B09296242B587400142EC8 /* BaseViewController.swift */,
			);
			path = Controller;
			sourceTree = "<group>";
		};
/* End PBXGroup section */

/* Begin PBXNativeTarget section */
		E73894A8242ACC3300966ABF /* Swift5IntroApp1 */ = {
			isa = PBXNativeTarget;
			buildConfigurationList = E73894BD242ACC3400966ABF /* Build configuration list for PBXNativeTarget "Swift5IntroApp1" */;
			buildPhases = (
				7FC05CD60405E030E4D5A781 /* [CP] Check Pods Manifest.lock */,
				E73894A5242ACC3300966ABF /* Sources */,
				E73894A6242ACC3300966ABF /* Frameworks */,
				E73894A7242ACC3300966ABF /* Resources */,
				6AF915441913D9241561D057 /* [CP] Embed Pods Frameworks */,
			);
			buildRules = (
			);
			dependencies = (
			);
			name = Swift5IntroApp1;
			productName = Swift5IntroApp1;
			productReference = E73894A9242ACC3300966ABF /* Swift5IntroApp1.app */;
			productType = "com.apple.product-type.application";
		};
/* End PBXNativeTarget section */

/* Begin PBXProject section */
		E73894A1242ACC3300966ABF /* Project object */ = {
			isa = PBXProject;
			attributes = {
				LastSwiftUpdateCheck = 1130;
				LastUpgradeCheck = 1130;
				ORGANIZATIONNAME = "tomoaki narita";
				TargetAttributes = {
					E73894A8242ACC3300966ABF = {
						CreatedOnToolsVersion = 11.3.1;
					};
				};
			};
			buildConfigurationList = E73894A4242ACC3300966ABF /* Build configuration list for PBXProject "Swift5IntroApp1" */;
			compatibilityVersion = "Xcode 9.3";
			developmentRegion = en;
			hasScannedForEncodings = 0;
			knownRegions = (
				en,
				Base,
			);
			mainGroup = E73894A0242ACC3300966ABF;
			productRefGroup = E73894AA242ACC3300966ABF /* Products */;
			projectDirPath = "";
			projectRoot = "";
			targets = (
				E73894A8242ACC3300966ABF /* Swift5IntroApp1 */,
			);
		};
/* End PBXProject section */

/* Begin PBXResourcesBuildPhase section */
		E73894A7242ACC3300966ABF /* Resources */ = {
			isa = PBXResourcesBuildPhase;
			buildActionMask = 2147483647;
			files = (
				E73894C9242ACE3500966ABF /* 2.json in Resources */,
				E7B09295242B567A00142EC8 /* start.mov in Resources */,
				E73894CB242ACE3500966ABF /* 5.json in Resources */,
				E73894CC242ACE3500966ABF /* 4.json in Resources */,
				E73894B9242ACC3400966ABF /* LaunchScreen.storyboard in Resources */,
				E73894B6242ACC3400966ABF /* Assets.xcassets in Resources */,
				E73894CA242ACE3500966ABF /* 3.json in Resources */,
				E73894B4242ACC3300966ABF /* Main.storyboard in Resources */,
				E73894C8242ACE3500966ABF /* 1.json in Resources */,
			);
			runOnlyForDeploymentPostprocessing = 0;
		};
/* End PBXResourcesBuildPhase section */

/* Begin PBXShellScriptBuildPhase section */
		6AF915441913D9241561D057 /* [CP] Embed Pods Frameworks */ = {
			isa = PBXShellScriptBuildPhase;
			buildActionMask = 2147483647;
			files = (
			);
			inputFileListPaths = (
				"${PODS_ROOT}/Target Support Files/Pods-Swift5IntroApp1/Pods-Swift5IntroApp1-frameworks-${CONFIGURATION}-input-files.xcfilelist",
			);
			name = "[CP] Embed Pods Frameworks";
			outputFileListPaths = (
				"${PODS_ROOT}/Target Support Files/Pods-Swift5IntroApp1/Pods-Swift5IntroApp1-frameworks-${CONFIGURATION}-output-files.xcfilelist",
			);
			runOnlyForDeploymentPostprocessing = 0;
			shellPath = /bin/sh;
			shellScript = "\"${PODS_ROOT}/Target Support Files/Pods-Swift5IntroApp1/Pods-Swift5IntroApp1-frameworks.sh\"\n";
			showEnvVarsInLog = 0;
		};
		7FC05CD60405E030E4D5A781 /* [CP] Check Pods Manifest.lock */ = {
			isa = PBXShellScriptBuildPhase;
			buildActionMask = 2147483647;
			files = (
			);
			inputFileListPaths = (
			);
			inputPaths = (
				"${PODS_PODFILE_DIR_PATH}/Podfile.lock",
				"${PODS_ROOT}/Manifest.lock",
			);
			name = "[CP] Check Pods Manifest.lock";
			outputFileListPaths = (
			);
			outputPaths = (
				"$(DERIVED_FILE_DIR)/Pods-Swift5IntroApp1-checkManifestLockResult.txt",
			);
			runOnlyForDeploymentPostprocessing = 0;
			shellPath = /bin/sh;
			shellScript = "diff \"${PODS_PODFILE_DIR_PATH}/Podfile.lock\" \"${PODS_ROOT}/Manifest.lock\" > /dev/null\nif [ $? != 0 ] ; then\n    # print error to STDERR\n    echo \"error: The sandbox is not in sync with the Podfile.lock. Run 'pod install' or update your CocoaPods installation.\" >&2\n    exit 1\nfi\n# This output is used by Xcode 'outputs' to avoid re-running this script phase.\necho \"SUCCESS\" > \"${SCRIPT_OUTPUT_FILE_0}\"\n";
			showEnvVarsInLog = 0;
		};
/* End PBXShellScriptBuildPhase section */

/* Begin PBXSourcesBuildPhase section */
		E73894A5242ACC3300966ABF /* Sources */ = {
			isa = PBXSourcesBuildPhase;
			buildActionMask = 2147483647;
			files = (
				E7B09297242B587400142EC8 /* BaseViewController.swift in Sources */,
				E73894CE242ACEE800966ABF /* IntroViewController.swift in Sources */,
				E7B09293242B293900142EC8 /* LoginMovieViewController.swift in Sources */,
				E73894AD242ACC3300966ABF /* AppDelegate.swift in Sources */,
				E73894AF242ACC3300966ABF /* SceneDelegate.swift in Sources */,
			);
			runOnlyForDeploymentPostprocessing = 0;
		};
/* End PBXSourcesBuildPhase section */

/* Begin PBXVariantGroup section */
		E73894B2242ACC3300966ABF /* Main.storyboard */ = {
			isa = PBXVariantGroup;
			children = (
				E73894B3242ACC3300966ABF /* Base */,
			);
			name = Main.storyboard;
			sourceTree = "<group>";
		};
		E73894B7242ACC3400966ABF /* LaunchScreen.storyboard */ = {
			isa = PBXVariantGroup;
			children = (
				E73894B8242ACC3400966ABF /* Base */,
			);
			name = LaunchScreen.storyboard;
			sourceTree = "<group>";
		};
/* End PBXVariantGroup section */

/* Begin XCBuildConfiguration section */
		E73894BB242ACC3400966ABF /* Debug */ = {
			isa = XCBuildConfiguration;
			buildSettings = {
				ALWAYS_SEARCH_USER_PATHS = NO;
				CLANG_ANALYZER_NONNULL = YES;
				CLANG_ANALYZER_NUMBER_OBJECT_CONVERSION = YES_AGGRESSIVE;
				CLANG_CXX_LANGUAGE_STANDARD = "gnu++14";
				CLANG_CXX_LIBRARY = "libc++";
				CLANG_ENABLE_MODULES = YES;
				CLANG_ENABLE_OBJC_ARC = YES;
				CLANG_ENABLE_OBJC_WEAK = YES;
				CLANG_WARN_BLOCK_CAPTURE_AUTORELEASING = YES;
				CLANG_WARN_BOOL_CONVERSION = YES;
				CLANG_WARN_COMMA = YES;
				CLANG_WARN_CONSTANT_CONVERSION = YES;
				CLANG_WARN_DEPRECATED_OBJC_IMPLEMENTATIONS = YES;
				CLANG_WARN_DIRECT_OBJC_ISA_USAGE = YES_ERROR;
				CLANG_WARN_DOCUMENTATION_COMMENTS = YES;
				CLANG_WARN_EMPTY_BODY = YES;
				CLANG_WARN_ENUM_CONVERSION = YES;
				CLANG_WARN_INFINITE_RECURSION = YES;
				CLANG_WARN_INT_CONVERSION = YES;
				CLANG_WARN_NON_LITERAL_NULL_CONVERSION = YES;
				CLANG_WARN_OBJC_IMPLICIT_RETAIN_SELF = YES;
				CLANG_WARN_OBJC_LITERAL_CONVERSION = YES;
				CLANG_WARN_OBJC_ROOT_CLASS = YES_ERROR;
				CLANG_WARN_RANGE_LOOP_ANALYSIS = YES;
				CLANG_WARN_STRICT_PROTOTYPES = YES;
				CLANG_WARN_SUSPICIOUS_MOVE = YES;
				CLANG_WARN_UNGUARDED_AVAILABILITY = YES_AGGRESSIVE;
				CLANG_WARN_UNREACHABLE_CODE = YES;
				CLANG_WARN__DUPLICATE_METHOD_MATCH = YES;
				COPY_PHASE_STRIP = NO;
				DEBUG_INFORMATION_FORMAT = dwarf;
				ENABLE_STRICT_OBJC_MSGSEND = YES;
				ENABLE_TESTABILITY = YES;
				GCC_C_LANGUAGE_STANDARD = gnu11;
				GCC_DYNAMIC_NO_PIC = NO;
				GCC_NO_COMMON_BLOCKS = YES;
				GCC_OPTIMIZATION_LEVEL = 0;
				GCC_PREPROCESSOR_DEFINITIONS = (
					"DEBUG=1",
					"$(inherited)",
				);
				GCC_WARN_64_TO_32_BIT_CONVERSION = YES;
				GCC_WARN_ABOUT_RETURN_TYPE = YES_ERROR;
				GCC_WARN_UNDECLARED_SELECTOR = YES;
				GCC_WARN_UNINITIALIZED_AUTOS = YES_AGGRESSIVE;
				GCC_WARN_UNUSED_FUNCTION = YES;
				GCC_WARN_UNUSED_VARIABLE = YES;
				IPHONEOS_DEPLOYMENT_TARGET = 13.2;
				MTL_ENABLE_DEBUG_INFO = INCLUDE_SOURCE;
				MTL_FAST_MATH = YES;
				ONLY_ACTIVE_ARCH = YES;
				SDKROOT = iphoneos;
				SWIFT_ACTIVE_COMPILATION_CONDITIONS = DEBUG;
				SWIFT_OPTIMIZATION_LEVEL = "-Onone";
			};
			name = Debug;
		};
		E73894BC242ACC3400966ABF /* Release */ = {
			isa = XCBuildConfiguration;
			buildSettings = {
				ALWAYS_SEARCH_USER_PATHS = NO;
				CLANG_ANALYZER_NONNULL = YES;
				CLANG_ANALYZER_NUMBER_OBJECT_CONVERSION = YES_AGGRESSIVE;
				CLANG_CXX_LANGUAGE_STANDARD = "gnu++14";
				CLANG_CXX_LIBRARY = "libc++";
				CLANG_ENABLE_MODULES = YES;
				CLANG_ENABLE_OBJC_ARC = YES;
				CLANG_ENABLE_OBJC_WEAK = YES;
				CLANG_WARN_BLOCK_CAPTURE_AUTORELEASING = YES;
				CLANG_WARN_BOOL_CONVERSION = YES;
				CLANG_WARN_COMMA = YES;
				CLANG_WARN_CONSTANT_CONVERSION = YES;
				CLANG_WARN_DEPRECATED_OBJC_IMPLEMENTATIONS = YES;
				CLANG_WARN_DIRECT_OBJC_ISA_USAGE = YES_ERROR;
				CLANG_WARN_DOCUMENTATION_COMMENTS = YES;
				CLANG_WARN_EMPTY_BODY = YES;
				CLANG_WARN_ENUM_CONVERSION = YES;
				CLANG_WARN_INFINITE_RECURSION = YES;
				CLANG_WARN_INT_CONVERSION = YES;
				CLANG_WARN_NON_LITERAL_NULL_CONVERSION = YES;
				CLANG_WARN_OBJC_IMPLICIT_RETAIN_SELF = YES;
				CLANG_WARN_OBJC_LITERAL_CONVERSION = YES;
				CLANG_WARN_OBJC_ROOT_CLASS = YES_ERROR;
				CLANG_WARN_RANGE_LOOP_ANALYSIS = YES;
				CLANG_WARN_STRICT_PROTOTYPES = YES;
				CLANG_WARN_SUSPICIOUS_MOVE = YES;
				CLANG_WARN_UNGUARDED_AVAILABILITY = YES_AGGRESSIVE;
				CLANG_WARN_UNREACHABLE_CODE = YES;
				CLANG_WARN__DUPLICATE_METHOD_MATCH = YES;
				COPY_PHASE_STRIP = NO;
				DEBUG_INFORMATION_FORMAT = "dwarf-with-dsym";
				ENABLE_NS_ASSERTIONS = NO;
				ENABLE_STRICT_OBJC_MSGSEND = YES;
				GCC_C_LANGUAGE_STANDARD = gnu11;
				GCC_NO_COMMON_BLOCKS = YES;
				GCC_WARN_64_TO_32_BIT_CONVERSION = YES;
				GCC_WARN_ABOUT_RETURN_TYPE = YES_ERROR;
				GCC_WARN_UNDECLARED_SELECTOR = YES;
				GCC_WARN_UNINITIALIZED_AUTOS = YES_AGGRESSIVE;
				GCC_WARN_UNUSED_FUNCTION = YES;
				GCC_WARN_UNUSED_VARIABLE = YES;
				IPHONEOS_DEPLOYMENT_TARGET = 13.2;
				MTL_ENABLE_DEBUG_INFO = NO;
				MTL_FAST_MATH = YES;
				SDKROOT = iphoneos;
				SWIFT_COMPILATION_MODE = wholemodule;
				SWIFT_OPTIMIZATION_LEVEL = "-O";
				VALIDATE_PRODUCT = YES;
			};
			name = Release;
		};
		E73894BE242ACC3400966ABF /* Debug */ = {
			isa = XCBuildConfiguration;
			baseConfigurationReference = 2FD03A78F6EE83CC7FB31201 /* Pods-Swift5IntroApp1.debug.xcconfig */;
			buildSettings = {
				ASSETCATALOG_COMPILER_APPICON_NAME = AppIcon;
				CODE_SIGN_STYLE = Automatic;
				DEVELOPMENT_TEAM = DU562ND7L2;
				INFOPLIST_FILE = Swift5IntroApp1/Info.plist;
				LD_RUNPATH_SEARCH_PATHS = (
					"$(inherited)",
					"@executable_path/Frameworks",
				);
				PRODUCT_BUNDLE_IDENTIFIER = com.org.output.Swift5IntroApp1;
				PRODUCT_NAME = "$(TARGET_NAME)";
				SWIFT_VERSION = 5.0;
				TARGETED_DEVICE_FAMILY = "1,2";
			};
			name = Debug;
		};
		E73894BF242ACC3400966ABF /* Release */ = {
			isa = XCBuildConfiguration;
			baseConfigurationReference = 567743C65682FDA7B40C1960 /* Pods-Swift5IntroApp1.release.xcconfig */;
			buildSettings = {
				ASSETCATALOG_COMPILER_APPICON_NAME = AppIcon;
				CODE_SIGN_STYLE = Automatic;
				DEVELOPMENT_TEAM = DU562ND7L2;
				INFOPLIST_FILE = Swift5IntroApp1/Info.plist;
				LD_RUNPATH_SEARCH_PATHS = (
					"$(inherited)",
					"@executable_path/Frameworks",
				);
				PRODUCT_BUNDLE_IDENTIFIER = com.org.output.Swift5IntroApp1;
				PRODUCT_NAME = "$(TARGET_NAME)";
				SWIFT_VERSION = 5.0;
				TARGETED_DEVICE_FAMILY = "1,2";
			};
			name = Release;
		};
/* End XCBuildConfiguration section */

/* Begin XCConfigurationList section */
		E73894A4242ACC3300966ABF /* Build configuration list for PBXProject "Swift5IntroApp1" */ = {
			isa = XCConfigurationList;
			buildConfigurations = (
				E73894BB242ACC3400966ABF /* Debug */,
				E73894BC242ACC3400966ABF /* Release */,
			);
			defaultConfigurationIsVisible = 0;
			defaultConfigurationName = Release;
		};
		E73894BD242ACC3400966ABF /* Build configuration list for PBXNativeTarget "Swift5IntroApp1" */ = {
			isa = XCConfigurationList;
			buildConfigurations = (
				E73894BE242ACC3400966ABF /* Debug */,
				E73894BF242ACC3400966ABF /* Release */,
			);
			defaultConfigurationIsVisible = 0;
			defaultConfigurationName = Release;
		};
/* End XCConfigurationList section */
	};
	rootObject = E73894A1242ACC3300966ABF /* Project object */;
}
